
Microsoft Visual Studio Solution File, Format Version 12.00
# Visual Studio Version 16
VisualStudioVersion = 16.0.30114.105
MinimumVisualStudioVersion = 10.0.40219.1
Project("{9A19103F-16F7-4668-BE54-9A1E7A4F7556}") = "JT1078Http2RTP", "JT1078Http2RTP\JT1078Http2RTP.csproj", "{1A640E87-8064-4E26-A4CC-7FA3149E8F01}"
EndProject
Project("{9A19103F-16F7-4668-BE54-9A1E7A4F7556}") = "JTH2R_Web", "JTH2R_Web\JTH2R_Web.csproj", "{577F50AC-5CCE-426D-AF8E-4D76C1EF33D7}"
EndProject
Global
	GlobalSection(SolutionConfigurationPlatforms) = preSolution
		Debug|Any CPU = Debug|Any CPU
		Release|Any CPU = Release|Any CPU
	EndGlobalSection
	GlobalSection(ProjectConfigurationPlatforms) = postSolution
		{1A640E87-8064-4E26-A4CC-7FA3149E8F01}.Debug|Any CPU.ActiveCfg = Debug|Any CPU
		{1A640E87-8064-4E26-A4CC-7FA3149E8F01}.Debug|Any CPU.Build.0 = Debug|Any CPU
		{1A640E87-8064-4E26-A4CC-7FA3149E8F01}.Release|Any CPU.ActiveCfg = Release|Any CPU
		{1A640E87-8064-4E26-A4CC-7FA3149E8F01}.Release|Any CPU.Build.0 = Release|Any CPU
		{577F50AC-5CCE-426D-AF8E-4D76C1EF33D7}.Debug|Any CPU.ActiveCfg = Debug|Any CPU
		{577F50AC-5CCE-426D-AF8E-4D76C1EF33D7}.Debug|Any CPU.Build.0 = Debug|Any CPU
		{577F50AC-5CCE-426D-AF8E-4D76C1EF33D7}.Release|Any CPU.ActiveCfg = Release|Any CPU
		{577F50AC-5CCE-426D-AF8E-4D76C1EF33D7}.Release|Any CPU.Build.0 = Release|Any CPU
	EndGlobalSection
	GlobalSection(SolutionProperties) = preSolution
		HideSolutionNode = FALSE
	EndGlobalSection
	GlobalSection(ExtensibilityGlobals) = postSolution
		SolutionGuid = {842323FE-0EB0-41B4-AB0F-A2F90E11DA25}
	EndGlobalSection
EndGlobal
